// !$*UTF8*$!
{
	archiveVersion = 1;
	classes = {
	};
	objectVersion = 56;
	objects = {

/* Begin PBXBuildFile section */
		093FCC2C2A3667A700DD5701 /* Color.swift in Sources */ = {isa = PBXBuildFile; fileRef = 093FCC2B2A3667A700DD5701 /* Color.swift */; };
		093FCC302A367DFE00DD5701 /* Settings.swift in Sources */ = {isa = PBXBuildFile; fileRef = 093FCC2F2A367DFE00DD5701 /* Settings.swift */; };
		093FCC322A38824600DD5701 /* TimeBalanceQuickWidget.swift in Sources */ = {isa = PBXBuildFile; fileRef = 093FCC312A38824600DD5701 /* TimeBalanceQuickWidget.swift */; };
		094D6B1D2A34DFCB0066D0FB /* TimeBalanceView.swift in Sources */ = {isa = PBXBuildFile; fileRef = 094D6B1C2A34DFCB0066D0FB /* TimeBalanceView.swift */; };
		094D6B232A34E0DC0066D0FB /* Date.swift in Sources */ = {isa = PBXBuildFile; fileRef = 094D6B222A34E0DC0066D0FB /* Date.swift */; };
		094D6B2D2A3516770066D0FB /* ProgressCircle.swift in Sources */ = {isa = PBXBuildFile; fileRef = 094D6B2C2A3516770066D0FB /* ProgressCircle.swift */; };
		094D6B2F2A35F1380066D0FB /* NavigationBar.swift in Sources */ = {isa = PBXBuildFile; fileRef = 094D6B2E2A35F1380066D0FB /* NavigationBar.swift */; };
		094D6B322A35F69B0066D0FB /* NavigationBarItem.swift in Sources */ = {isa = PBXBuildFile; fileRef = 094D6B312A35F69B0066D0FB /* NavigationBarItem.swift */; };
		094D6B342A360AA50066D0FB /* TimeBalance.swift in Sources */ = {isa = PBXBuildFile; fileRef = 094D6B332A360AA50066D0FB /* TimeBalance.swift */; };
		094D6B392A361E6E0066D0FB /* BrowseView.swift in Sources */ = {isa = PBXBuildFile; fileRef = 094D6B382A361E6E0066D0FB /* BrowseView.swift */; };
		094D6B3B2A361EEB0066D0FB /* TrendsView.swift in Sources */ = {isa = PBXBuildFile; fileRef = 094D6B3A2A361EEB0066D0FB /* TrendsView.swift */; };
		094D6B3D2A361EFF0066D0FB /* SettingsView.swift in Sources */ = {isa = PBXBuildFile; fileRef = 094D6B3C2A361EFF0066D0FB /* SettingsView.swift */; };
		097E2E852A45A04C00CDA3BB /* Event.swift in Sources */ = {isa = PBXBuildFile; fileRef = 097E2E842A45A04C00CDA3BB /* Event.swift */; };
		09E0A6442A34C63000327AE5 /* TimeLedgerApp.swift in Sources */ = {isa = PBXBuildFile; fileRef = 09E0A6432A34C63000327AE5 /* TimeLedgerApp.swift */; };
		09E0A6462A34C63000327AE5 /* ContentView.swift in Sources */ = {isa = PBXBuildFile; fileRef = 09E0A6452A34C63000327AE5 /* ContentView.swift */; };
		09E0A6482A34C63200327AE5 /* Assets.xcassets in Resources */ = {isa = PBXBuildFile; fileRef = 09E0A6472A34C63200327AE5 /* Assets.xcassets */; };
		09E0A64B2A34C63200327AE5 /* Preview Assets.xcassets in Resources */ = {isa = PBXBuildFile; fileRef = 09E0A64A2A34C63200327AE5 /* Preview Assets.xcassets */; };
/* End PBXBuildFile section */

/* Begin PBXFileReference section */
		093FCC2B2A3667A700DD5701 /* Color.swift */ = {isa = PBXFileReference; lastKnownFileType = sourcecode.swift; path = Color.swift; sourceTree = "<group>"; };
		093FCC2F2A367DFE00DD5701 /* Settings.swift */ = {isa = PBXFileReference; lastKnownFileType = sourcecode.swift; path = Settings.swift; sourceTree = "<group>"; };
		093FCC312A38824600DD5701 /* TimeBalanceQuickWidget.swift */ = {isa = PBXFileReference; lastKnownFileType = sourcecode.swift; path = TimeBalanceQuickWidget.swift; sourceTree = "<group>"; };
		094D6B1C2A34DFCB0066D0FB /* TimeBalanceView.swift */ = {isa = PBXFileReference; lastKnownFileType = sourcecode.swift; path = TimeBalanceView.swift; sourceTree = "<group>"; };
		094D6B222A34E0DC0066D0FB /* Date.swift */ = {isa = PBXFileReference; lastKnownFileType = sourcecode.swift; path = Date.swift; sourceTree = "<group>"; };
		094D6B2C2A3516770066D0FB /* ProgressCircle.swift */ = {isa = PBXFileReference; lastKnownFileType = sourcecode.swift; path = ProgressCircle.swift; sourceTree = "<group>"; };
		094D6B2E2A35F1380066D0FB /* NavigationBar.swift */ = {isa = PBXFileReference; lastKnownFileType = sourcecode.swift; path = NavigationBar.swift; sourceTree = "<group>"; };
		094D6B312A35F69B0066D0FB /* NavigationBarItem.swift */ = {isa = PBXFileReference; lastKnownFileType = sourcecode.swift; path = NavigationBarItem.swift; sourceTree = "<group>"; };
		094D6B332A360AA50066D0FB /* TimeBalance.swift */ = {isa = PBXFileReference; lastKnownFileType = sourcecode.swift; path = TimeBalance.swift; sourceTree = "<group>"; };
		094D6B382A361E6E0066D0FB /* BrowseView.swift */ = {isa = PBXFileReference; lastKnownFileType = sourcecode.swift; path = BrowseView.swift; sourceTree = "<group>"; };
		094D6B3A2A361EEB0066D0FB /* TrendsView.swift */ = {isa = PBXFileReference; lastKnownFileType = sourcecode.swift; path = TrendsView.swift; sourceTree = "<group>"; };
		094D6B3C2A361EFF0066D0FB /* SettingsView.swift */ = {isa = PBXFileReference; lastKnownFileType = sourcecode.swift; path = SettingsView.swift; sourceTree = "<group>"; };
		097E2E842A45A04C00CDA3BB /* Event.swift */ = {isa = PBXFileReference; lastKnownFileType = sourcecode.swift; path = Event.swift; sourceTree = "<group>"; };
		09E0A6402A34C63000327AE5 /* TimeLedger.app */ = {isa = PBXFileReference; explicitFileType = wrapper.application; includeInIndex = 0; path = TimeLedger.app; sourceTree = BUILT_PRODUCTS_DIR; };
		09E0A6432A34C63000327AE5 /* TimeLedgerApp.swift */ = {isa = PBXFileReference; lastKnownFileType = sourcecode.swift; path = TimeLedgerApp.swift; sourceTree = "<group>"; };
		09E0A6452A34C63000327AE5 /* ContentView.swift */ = {isa = PBXFileReference; lastKnownFileType = sourcecode.swift; path = ContentView.swift; sourceTree = "<group>"; };
		09E0A6472A34C63200327AE5 /* Assets.xcassets */ = {isa = PBXFileReference; lastKnownFileType = folder.assetcatalog; path = Assets.xcassets; sourceTree = "<group>"; };
		09E0A64A2A34C63200327AE5 /* Preview Assets.xcassets */ = {isa = PBXFileReference; lastKnownFileType = folder.assetcatalog; path = "Preview Assets.xcassets"; sourceTree = "<group>"; };
/* End PBXFileReference section */

/* Begin PBXFrameworksBuildPhase section */
		09E0A63D2A34C63000327AE5 /* Frameworks */ = {
			isa = PBXFrameworksBuildPhase;
			buildActionMask = 2147483647;
			files = (
			);
			runOnlyForDeploymentPostprocessing = 0;
		};
/* End PBXFrameworksBuildPhase section */

/* Begin PBXGroup section */
		094D6B1B2A34DF7F0066D0FB /* Views */ = {
			isa = PBXGroup;
			children = (
				094D6B1C2A34DFCB0066D0FB /* TimeBalanceView.swift */,
				094D6B382A361E6E0066D0FB /* BrowseView.swift */,
				094D6B3A2A361EEB0066D0FB /* TrendsView.swift */,
				094D6B3C2A361EFF0066D0FB /* SettingsView.swift */,
			);
			path = Views;
			sourceTree = "<group>";
		};
		094D6B212A34E0C60066D0FB /* Extensions */ = {
			isa = PBXGroup;
			children = (
				094D6B222A34E0DC0066D0FB /* Date.swift */,
				093FCC2B2A3667A700DD5701 /* Color.swift */,
			);
			path = Extensions;
			sourceTree = "<group>";
		};
		094D6B302A35F68B0066D0FB /* Models */ = {
			isa = PBXGroup;
			children = (
				094D6B312A35F69B0066D0FB /* NavigationBarItem.swift */,
				094D6B332A360AA50066D0FB /* TimeBalance.swift */,
				093FCC2F2A367DFE00DD5701 /* Settings.swift */,
				097E2E842A45A04C00CDA3BB /* Event.swift */,
			);
			path = Models;
			sourceTree = "<group>";
		};
		094D6B352A360DEF0066D0FB /* Components */ = {
			isa = PBXGroup;
			children = (
				094D6B2C2A3516770066D0FB /* ProgressCircle.swift */,
				094D6B2E2A35F1380066D0FB /* NavigationBar.swift */,
				093FCC312A38824600DD5701 /* TimeBalanceQuickWidget.swift */,
			);
			path = Components;
			sourceTree = "<group>";
		};
		09E0A6372A34C63000327AE5 = {
			isa = PBXGroup;
			children = (
				09E0A6472A34C63200327AE5 /* Assets.xcassets */,
				09E0A6422A34C63000327AE5 /* TimeLedger */,
				09E0A6412A34C63000327AE5 /* Products */,
			);
			sourceTree = "<group>";
		};
		09E0A6412A34C63000327AE5 /* Products */ = {
			isa = PBXGroup;
			children = (
				09E0A6402A34C63000327AE5 /* TimeLedger.app */,
			);
			name = Products;
			sourceTree = "<group>";
		};
		09E0A6422A34C63000327AE5 /* TimeLedger */ = {
			isa = PBXGroup;
			children = (
				09E0A6432A34C63000327AE5 /* TimeLedgerApp.swift */,
				09E0A6452A34C63000327AE5 /* ContentView.swift */,
				094D6B1B2A34DF7F0066D0FB /* Views */,
				094D6B352A360DEF0066D0FB /* Components */,
				094D6B302A35F68B0066D0FB /* Models */,
				094D6B212A34E0C60066D0FB /* Extensions */,
				09E0A6492A34C63200327AE5 /* Preview Content */,
			);
			path = TimeLedger;
			sourceTree = "<group>";
		};
		09E0A6492A34C63200327AE5 /* Preview Content */ = {
			isa = PBXGroup;
			children = (
				09E0A64A2A34C63200327AE5 /* Preview Assets.xcassets */,
			);
			path = "Preview Content";
			sourceTree = "<group>";
		};
/* End PBXGroup section */

/* Begin PBXNativeTarget section */
		09E0A63F2A34C63000327AE5 /* TimeLedger */ = {
			isa = PBXNativeTarget;
			buildConfigurationList = 09E0A6502A34C63200327AE5 /* Build configuration list for PBXNativeTarget "TimeLedger" */;
			buildPhases = (
				09E0A63C2A34C63000327AE5 /* Sources */,
				09E0A63D2A34C63000327AE5 /* Frameworks */,
				09E0A63E2A34C63000327AE5 /* Resources */,
			);
			buildRules = (
			);
			dependencies = (
			);
			name = TimeLedger;
			productName = TimeLedger;
			productReference = 09E0A6402A34C63000327AE5 /* TimeLedger.app */;
			productType = "com.apple.product-type.application";
		};
/* End PBXNativeTarget section */

/* Begin PBXProject section */
		09E0A6382A34C63000327AE5 /* Project object */ = {
			isa = PBXProject;
			attributes = {
				BuildIndependentTargetsInParallel = 1;
				LastSwiftUpdateCheck = 1500;
				LastUpgradeCheck = 1500;
				TargetAttributes = {
					09E0A63F2A34C63000327AE5 = {
						CreatedOnToolsVersion = 15.0;
					};
				};
			};
			buildConfigurationList = 09E0A63B2A34C63000327AE5 /* Build configuration list for PBXProject "TimeLedger" */;
			compatibilityVersion = "Xcode 14.0";
			developmentRegion = en;
			hasScannedForEncodings = 0;
			knownRegions = (
				en,
				Base,
			);
			mainGroup = 09E0A6372A34C63000327AE5;
			productRefGroup = 09E0A6412A34C63000327AE5 /* Products */;
			projectDirPath = "";
			projectRoot = "";
			targets = (
				09E0A63F2A34C63000327AE5 /* TimeLedger */,
			);
		};
/* End PBXProject section */

/* Begin PBXResourcesBuildPhase section */
		09E0A63E2A34C63000327AE5 /* Resources */ = {
			isa = PBXResourcesBuildPhase;
			buildActionMask = 2147483647;
			files = (
				09E0A64B2A34C63200327AE5 /* Preview Assets.xcassets in Resources */,
				09E0A6482A34C63200327AE5 /* Assets.xcassets in Resources */,
			);
			runOnlyForDeploymentPostprocessing = 0;
		};
/* End PBXResourcesBuildPhase section */

/* Begin PBXSourcesBuildPhase section */
		09E0A63C2A34C63000327AE5 /* Sources */ = {
			isa = PBXSourcesBuildPhase;
			buildActionMask = 2147483647;
			files = (
				094D6B3B2A361EEB0066D0FB /* TrendsView.swift in Sources */,
				09E0A6462A34C63000327AE5 /* ContentView.swift in Sources */,
				093FCC302A367DFE00DD5701 /* Settings.swift in Sources */,
				094D6B392A361E6E0066D0FB /* BrowseView.swift in Sources */,
				094D6B322A35F69B0066D0FB /* NavigationBarItem.swift in Sources */,
				094D6B232A34E0DC0066D0FB /* Date.swift in Sources */,
				093FCC2C2A3667A700DD5701 /* Color.swift in Sources */,
				094D6B1D2A34DFCB0066D0FB /* TimeBalanceView.swift in Sources */,
				09E0A6442A34C63000327AE5 /* TimeLedgerApp.swift in Sources */,
				097E2E852A45A04C00CDA3BB /* Event.swift in Sources */,
				094D6B2D2A3516770066D0FB /* ProgressCircle.swift in Sources */,
				094D6B2F2A35F1380066D0FB /* NavigationBar.swift in Sources */,
				093FCC322A38824600DD5701 /* TimeBalanceQuickWidget.swift in Sources */,
				094D6B342A360AA50066D0FB /* TimeBalance.swift in Sources */,
				094D6B3D2A361EFF0066D0FB /* SettingsView.swift in Sources */,
			);
			runOnlyForDeploymentPostprocessing = 0;
		};
/* End PBXSourcesBuildPhase section */

/* Begin XCBuildConfiguration section */
		09E0A64E2A34C63200327AE5 /* Debug */ = {
			isa = XCBuildConfiguration;
			buildSettings = {
				ALWAYS_SEARCH_USER_PATHS = NO;
				ASSETCATALOG_COMPILER_GENERATE_SWIFT_ASSET_SYMBOL_EXTENSIONS = YES;
				CLANG_ANALYZER_NONNULL = YES;
				CLANG_ANALYZER_NUMBER_OBJECT_CONVERSION = YES_AGGRESSIVE;
				CLANG_CXX_LANGUAGE_STANDARD = "gnu++20";
				CLANG_ENABLE_MODULES = YES;
				CLANG_ENABLE_OBJC_ARC = YES;
				CLANG_ENABLE_OBJC_WEAK = YES;
				CLANG_WARN_BLOCK_CAPTURE_AUTORELEASING = YES;
				CLANG_WARN_BOOL_CONVERSION = YES;
				CLANG_WARN_COMMA = YES;
				CLANG_WARN_CONSTANT_CONVERSION = YES;
				CLANG_WARN_DEPRECATED_OBJC_IMPLEMENTATIONS = YES;
				CLANG_WARN_DIRECT_OBJC_ISA_USAGE = YES_ERROR;
				CLANG_WARN_DOCUMENTATION_COMMENTS = YES;
				CLANG_WARN_EMPTY_BODY = YES;
				CLANG_WARN_ENUM_CONVERSION = YES;
				CLANG_WARN_INFINITE_RECURSION = YES;
				CLANG_WARN_INT_CONVERSION = YES;
				CLANG_WARN_NON_LITERAL_NULL_CONVERSION = YES;
				CLANG_WARN_OBJC_IMPLICIT_RETAIN_SELF = YES;
				CLANG_WARN_OBJC_LITERAL_CONVERSION = YES;
				CLANG_WARN_OBJC_ROOT_CLASS = YES_ERROR;
				CLANG_WARN_QUOTED_INCLUDE_IN_FRAMEWORK_HEADER = YES;
				CLANG_WARN_RANGE_LOOP_ANALYSIS = YES;
				CLANG_WARN_STRICT_PROTOTYPES = YES;
				CLANG_WARN_SUSPICIOUS_MOVE = YES;
				CLANG_WARN_UNGUARDED_AVAILABILITY = YES_AGGRESSIVE;
				CLANG_WARN_UNREACHABLE_CODE = YES;
				CLANG_WARN__DUPLICATE_METHOD_MATCH = YES;
				COPY_PHASE_STRIP = NO;
				DEBUG_INFORMATION_FORMAT = dwarf;
				ENABLE_STRICT_OBJC_MSGSEND = YES;
				ENABLE_TESTABILITY = YES;
				ENABLE_USER_SCRIPT_SANDBOXING = YES;
				GCC_C_LANGUAGE_STANDARD = gnu17;
				GCC_DYNAMIC_NO_PIC = NO;
				GCC_NO_COMMON_BLOCKS = YES;
				GCC_OPTIMIZATION_LEVEL = 0;
				GCC_PREPROCESSOR_DEFINITIONS = (
					"DEBUG=1",
					"$(inherited)",
				);
				GCC_WARN_64_TO_32_BIT_CONVERSION = YES;
				GCC_WARN_ABOUT_RETURN_TYPE = YES_ERROR;
				GCC_WARN_UNDECLARED_SELECTOR = YES;
				GCC_WARN_UNINITIALIZED_AUTOS = YES_AGGRESSIVE;
				GCC_WARN_UNUSED_FUNCTION = YES;
				GCC_WARN_UNUSED_VARIABLE = YES;
				IPHONEOS_DEPLOYMENT_TARGET = 17.0;
				LOCALIZATION_PREFERS_STRING_CATALOGS = YES;
				MTL_ENABLE_DEBUG_INFO = INCLUDE_SOURCE;
				MTL_FAST_MATH = YES;
				ONLY_ACTIVE_ARCH = YES;
				SDKROOT = iphoneos;
				SWIFT_ACTIVE_COMPILATION_CONDITIONS = "DEBUG $(inherited)";
				SWIFT_OPTIMIZATION_LEVEL = "-Onone";
			};
			name = Debug;
		};
		09E0A64F2A34C63200327AE5 /* Release */ = {
			isa = XCBuildConfiguration;
			buildSettings = {
				ALWAYS_SEARCH_USER_PATHS = NO;
				ASSETCATALOG_COMPILER_GENERATE_SWIFT_ASSET_SYMBOL_EXTENSIONS = YES;
				CLANG_ANALYZER_NONNULL = YES;
				CLANG_ANALYZER_NUMBER_OBJECT_CONVERSION = YES_AGGRESSIVE;
				CLANG_CXX_LANGUAGE_STANDARD = "gnu++20";
				CLANG_ENABLE_MODULES = YES;
				CLANG_ENABLE_OBJC_ARC = YES;
				CLANG_ENABLE_OBJC_WEAK = YES;
				CLANG_WARN_BLOCK_CAPTURE_AUTORELEASING = YES;
				CLANG_WARN_BOOL_CONVERSION = YES;
				CLANG_WARN_COMMA = YES;
				CLANG_WARN_CONSTANT_CONVERSION = YES;
				CLANG_WARN_DEPRECATED_OBJC_IMPLEMENTATIONS = YES;
				CLANG_WARN_DIRECT_OBJC_ISA_USAGE = YES_ERROR;
				CLANG_WARN_DOCUMENTATION_COMMENTS = YES;
				CLANG_WARN_EMPTY_BODY = YES;
				CLANG_WARN_ENUM_CONVERSION = YES;
				CLANG_WARN_INFINITE_RECURSION = YES;
				CLANG_WARN_INT_CONVERSION = YES;
				CLANG_WARN_NON_LITERAL_NULL_CONVERSION = YES;
				CLANG_WARN_OBJC_IMPLICIT_RETAIN_SELF = YES;
				CLANG_WARN_OBJC_LITERAL_CONVERSION = YES;
				CLANG_WARN_OBJC_ROOT_CLASS = YES_ERROR;
				CLANG_WARN_QUOTED_INCLUDE_IN_FRAMEWORK_HEADER = YES;
				CLANG_WARN_RANGE_LOOP_ANALYSIS = YES;
				CLANG_WARN_STRICT_PROTOTYPES = YES;
				CLANG_WARN_SUSPICIOUS_MOVE = YES;
				CLANG_WARN_UNGUARDED_AVAILABILITY = YES_AGGRESSIVE;
				CLANG_WARN_UNREACHABLE_CODE = YES;
				CLANG_WARN__DUPLICATE_METHOD_MATCH = YES;
				COPY_PHASE_STRIP = NO;
				DEBUG_INFORMATION_FORMAT = "dwarf-with-dsym";
				ENABLE_NS_ASSERTIONS = NO;
				ENABLE_STRICT_OBJC_MSGSEND = YES;
				ENABLE_USER_SCRIPT_SANDBOXING = YES;
				GCC_C_LANGUAGE_STANDARD = gnu17;
				GCC_NO_COMMON_BLOCKS = YES;
				GCC_WARN_64_TO_32_BIT_CONVERSION = YES;
				GCC_WARN_ABOUT_RETURN_TYPE = YES_ERROR;
				GCC_WARN_UNDECLARED_SELECTOR = YES;
				GCC_WARN_UNINITIALIZED_AUTOS = YES_AGGRESSIVE;
				GCC_WARN_UNUSED_FUNCTION = YES;
				GCC_WARN_UNUSED_VARIABLE = YES;
				IPHONEOS_DEPLOYMENT_TARGET = 17.0;
				LOCALIZATION_PREFERS_STRING_CATALOGS = YES;
				MTL_ENABLE_DEBUG_INFO = NO;
				MTL_FAST_MATH = YES;
				SDKROOT = iphoneos;
				SWIFT_COMPILATION_MODE = wholemodule;
				VALIDATE_PRODUCT = YES;
			};
			name = Release;
		};
		09E0A6512A34C63200327AE5 /* Debug */ = {
			isa = XCBuildConfiguration;
			buildSettings = {
				ASSETCATALOG_COMPILER_APPICON_NAME = AppIcon;
				ASSETCATALOG_COMPILER_GLOBAL_ACCENT_COLOR_NAME = AccentColor;
				CODE_SIGN_STYLE = Automatic;
				CURRENT_PROJECT_VERSION = 1;
				DEVELOPMENT_ASSET_PATHS = "\"TimeLedger/Preview Content\"";
				DEVELOPMENT_TEAM = 75QV97CD94;
				ENABLE_PREVIEWS = YES;
				GENERATE_INFOPLIST_FILE = YES;
				INFOPLIST_KEY_UIApplicationSceneManifest_Generation = YES;
				INFOPLIST_KEY_UIApplicationSupportsIndirectInputEvents = YES;
				INFOPLIST_KEY_UILaunchScreen_Generation = YES;
				INFOPLIST_KEY_UISupportedInterfaceOrientations_iPad = "UIInterfaceOrientationPortrait UIInterfaceOrientationPortraitUpsideDown UIInterfaceOrientationLandscapeLeft UIInterfaceOrientationLandscapeRight";
				INFOPLIST_KEY_UISupportedInterfaceOrientations_iPhone = UIInterfaceOrientationPortrait;
				LD_RUNPATH_SEARCH_PATHS = (
					"$(inherited)",
					"@executable_path/Frameworks",
				);
				MARKETING_VERSION = 1.0;
				PRODUCT_BUNDLE_IDENTIFIER = Boyan.Fan.TimeLedger;
				PRODUCT_NAME = "$(TARGET_NAME)";
				SWIFT_EMIT_LOC_STRINGS = YES;
				SWIFT_VERSION = 5.0;
				TARGETED_DEVICE_FAMILY = "1,2";
			};
			name = Debug;
		};
		09E0A6522A34C63200327AE5 /* Release */ = {
			isa = XCBuildConfiguration;
			buildSettings = {
				ASSETCATALOG_COMPILER_APPICON_NAME = AppIcon;
				ASSETCATALOG_COMPILER_GLOBAL_ACCENT_COLOR_NAME = AccentColor;
				CODE_SIGN_STYLE = Automatic;
				CURRENT_PROJECT_VERSION = 1;
				DEVELOPMENT_ASSET_PATHS = "\"TimeLedger/Preview Content\"";
				DEVELOPMENT_TEAM = 75QV97CD94;
				ENABLE_PREVIEWS = YES;
				GENERATE_INFOPLIST_FILE = YES;
				INFOPLIST_KEY_UIApplicationSceneManifest_Generation = YES;
				INFOPLIST_KEY_UIApplicationSupportsIndirectInputEvents = YES;
				INFOPLIST_KEY_UILaunchScreen_Generation = YES;
				INFOPLIST_KEY_UISupportedInterfaceOrientations_iPad = "UIInterfaceOrientationPortrait UIInterfaceOrientationPortraitUpsideDown UIInterfaceOrientationLandscapeLeft UIInterfaceOrientationLandscapeRight";
				INFOPLIST_KEY_UISupportedInterfaceOrientations_iPhone = UIInterfaceOrientationPortrait;
				LD_RUNPATH_SEARCH_PATHS = (
					"$(inherited)",
					"@executable_path/Frameworks",
				);
				MARKETING_VERSION = 1.0;
				PRODUCT_BUNDLE_IDENTIFIER = Boyan.Fan.TimeLedger;
				PRODUCT_NAME = "$(TARGET_NAME)";
				SWIFT_EMIT_LOC_STRINGS = YES;
				SWIFT_VERSION = 5.0;
				TARGETED_DEVICE_FAMILY = "1,2";
			};
			name = Release;
		};
/* End XCBuildConfiguration section */

/* Begin XCConfigurationList section */
		09E0A63B2A34C63000327AE5 /* Build configuration list for PBXProject "TimeLedger" */ = {
			isa = XCConfigurationList;
			buildConfigurations = (
				09E0A64E2A34C63200327AE5 /* Debug */,
				09E0A64F2A34C63200327AE5 /* Release */,
			);
			defaultConfigurationIsVisible = 0;
			defaultConfigurationName = Release;
		};
		09E0A6502A34C63200327AE5 /* Build configuration list for PBXNativeTarget "TimeLedger" */ = {
			isa = XCConfigurationList;
			buildConfigurations = (
				09E0A6512A34C63200327AE5 /* Debug */,
				09E0A6522A34C63200327AE5 /* Release */,
			);
			defaultConfigurationIsVisible = 0;
			defaultConfigurationName = Release;
		};
/* End XCConfigurationList section */
	};
	rootObject = 09E0A6382A34C63000327AE5 /* Project object */;
}
